%{"bbmustache": {:hex, :bbmustache, "1.0.3"},
  "conform": {:hex, :conform, "0.17.0"},
  "emysql": {:git, "git://github.com/timCF/Emysql.git", "a5564d1a1c6592986ebe5a3d2374bd5256b7c61a", []},
  "erlware_commons": {:hex, :erlware_commons, "0.15.0"},
  "exactor": {:git, "git://github.com/sasa1977/exactor.git", "0467f8100bc735405d597dbf94996195eb31e0b6", [tag: "0467f8100bc735405d597dbf94996195eb31e0b6"]},
  "exrm": {:git, "https://github.com/bitwalker/exrm.git", "e741b2d104033da233c54fe109b6bd90c30e7f20", []},
  "extask": {:git, "git://github.com/timCF/extask.git", "691cc1a515750bead8b81ed6c13cddbcf115d754", []},
  "exutils": {:git, "git://github.com/timCF/exutils.git", "8a7806419f83656afa4aaf97c595597be9cdc67a", []},
  "getopt": {:hex, :getopt, "0.8.2"},
  "hashex": {:git, "git://github.com/timCF/hashex.git", "cc6b4307daa1ab18c94cdd33bf3cb8a3dab28b96", []},
  "logex": {:git, "git://github.com/timCF/logex.git", "074e631a59f689bc8b52b803f1a6ecc1819e8240", []},
  "neotoma": {:hex, :neotoma, "1.7.3"},
  "providers": {:hex, :providers, "1.4.1"},
  "relx": {:hex, :relx, "3.5.0"},
  "silverb": {:git, "https://github.com/timCF/silverb.git", "4422b6728b8b96106b58d97157c1f0b4fdefd091", []},
  "tinca": {:git, "git://github.com/timCF/tinca.git", "bb683949eaf45cafe67cf682034e63abd2b86950", []}}
